// !$*UTF8*$!
{
	archiveVersion = 1;
	classes = {
	};
	objectVersion = 46;
	objects = {

/* Begin PBXBuildFile section */
		081C17441EC024CB00E95302 /* AppDelegate.swift in Sources */ = {isa = PBXBuildFile; fileRef = 081C17431EC024CB00E95302 /* AppDelegate.swift */; };
		081C17461EC024CB00E95302 /* ViewController.swift in Sources */ = {isa = PBXBuildFile; fileRef = 081C17451EC024CB00E95302 /* ViewController.swift */; };
		081C17491EC024CB00E95302 /* Main.storyboard in Resources */ = {isa = PBXBuildFile; fileRef = 081C17471EC024CB00E95302 /* Main.storyboard */; };
		081C174B1EC024CB00E95302 /* Assets.xcassets in Resources */ = {isa = PBXBuildFile; fileRef = 081C174A1EC024CB00E95302 /* Assets.xcassets */; };
		081C174E1EC024CB00E95302 /* LaunchScreen.storyboard in Resources */ = {isa = PBXBuildFile; fileRef = 081C174C1EC024CB00E95302 /* LaunchScreen.storyboard */; };
		081C17561EC0250600E95302 /* AllStructRelatedFile.swift in Sources */ = {isa = PBXBuildFile; fileRef = 081C17551EC0250600E95302 /* AllStructRelatedFile.swift */; };
		081C17581EC027DD00E95302 /* MakeServerApiCallStructFile.swift in Sources */ = {isa = PBXBuildFile; fileRef = 081C17571EC027DD00E95302 /* MakeServerApiCallStructFile.swift */; };
		081C175A1EC0ADAE00E95302 /* ServerApiCallHandlingClass.swift in Sources */ = {isa = PBXBuildFile; fileRef = 081C17591EC0ADAE00E95302 /* ServerApiCallHandlingClass.swift */; };
		081C175D1EC0B32000E95302 /* Alamofire.framework in Frameworks */ = {isa = PBXBuildFile; fileRef = 081C175B1EC0B32000E95302 /* Alamofire.framework */; };
		081C175E1EC0B32000E95302 /* SwiftyJSON.framework in Frameworks */ = {isa = PBXBuildFile; fileRef = 081C175C1EC0B32000E95302 /* SwiftyJSON.framework */; };
		081C17601EC0B87200E95302 /* DataHandlingModelClass.swift in Sources */ = {isa = PBXBuildFile; fileRef = 081C175F1EC0B87200E95302 /* DataHandlingModelClass.swift */; };
		084E2C7E1EC319D200B4FC49 /* FlickrFeedCollectionViewCell.swift in Sources */ = {isa = PBXBuildFile; fileRef = 084E2C7D1EC319D200B4FC49 /* FlickrFeedCollectionViewCell.swift */; };
		084E2C801EC31EA600B4FC49 /* Kingfisher.framework in Frameworks */ = {isa = PBXBuildFile; fileRef = 084E2C7F1EC31EA600B4FC49 /* Kingfisher.framework */; };
		520AEA5F6D1BF385F7435BC2 /* Pods_LoktraFlickerTask.framework in Frameworks */ = {isa = PBXBuildFile; fileRef = C265854990F71743D26E7DA0 /* Pods_LoktraFlickerTask.framework */; };
/* End PBXBuildFile section */

/* Begin PBXFileReference section */
		081C17401EC024CB00E95302 /* LoktraFlickerTask.app */ = {isa = PBXFileReference; explicitFileType = wrapper.application; includeInIndex = 0; path = LoktraFlickerTask.app; sourceTree = BUILT_PRODUCTS_DIR; };
		081C17431EC024CB00E95302 /* AppDelegate.swift */ = {isa = PBXFileReference; lastKnownFileType = sourcecode.swift; path = AppDelegate.swift; sourceTree = "<group>"; };
		081C17451EC024CB00E95302 /* ViewController.swift */ = {isa = PBXFileReference; lastKnownFileType = sourcecode.swift; path = ViewController.swift; sourceTree = "<group>"; };
		081C17481EC024CB00E95302 /* Base */ = {isa = PBXFileReference; lastKnownFileType = file.storyboard; name = Base; path = Base.lproj/Main.storyboard; sourceTree = "<group>"; };
		081C174A1EC024CB00E95302 /* Assets.xcassets */ = {isa = PBXFileReference; lastKnownFileType = folder.assetcatalog; path = Assets.xcassets; sourceTree = "<group>"; };
		081C174D1EC024CB00E95302 /* Base */ = {isa = PBXFileReference; lastKnownFileType = file.storyboard; name = Base; path = Base.lproj/LaunchScreen.storyboard; sourceTree = "<group>"; };
		081C174F1EC024CB00E95302 /* Info.plist */ = {isa = PBXFileReference; lastKnownFileType = text.plist.xml; path = Info.plist; sourceTree = "<group>"; };
		081C17551EC0250600E95302 /* AllStructRelatedFile.swift */ = {isa = PBXFileReference; fileEncoding = 4; lastKnownFileType = sourcecode.swift; path = AllStructRelatedFile.swift; sourceTree = "<group>"; };
		081C17571EC027DD00E95302 /* MakeServerApiCallStructFile.swift */ = {isa = PBXFileReference; fileEncoding = 4; lastKnownFileType = sourcecode.swift; path = MakeServerApiCallStructFile.swift; sourceTree = "<group>"; };
		081C17591EC0ADAE00E95302 /* ServerApiCallHandlingClass.swift */ = {isa = PBXFileReference; fileEncoding = 4; lastKnownFileType = sourcecode.swift; path = ServerApiCallHandlingClass.swift; sourceTree = "<group>"; };
		081C175B1EC0B32000E95302 /* Alamofire.framework */ = {isa = PBXFileReference; lastKnownFileType = wrapper.framework; name = Alamofire.framework; path = "../../../../../Library/Developer/Xcode/DerivedData/LoktraFlickerTask-hlfiunvevzirmnbpkvjcdrrbfvco/Build/Products/Debug-iphonesimulator/Alamofire/Alamofire.framework"; sourceTree = "<group>"; };
		081C175C1EC0B32000E95302 /* SwiftyJSON.framework */ = {isa = PBXFileReference; lastKnownFileType = wrapper.framework; name = SwiftyJSON.framework; path = "../../../../../Library/Developer/Xcode/DerivedData/LoktraFlickerTask-hlfiunvevzirmnbpkvjcdrrbfvco/Build/Products/Debug-iphonesimulator/SwiftyJSON/SwiftyJSON.framework"; sourceTree = "<group>"; };
		081C175F1EC0B87200E95302 /* DataHandlingModelClass.swift */ = {isa = PBXFileReference; fileEncoding = 4; lastKnownFileType = sourcecode.swift; path = DataHandlingModelClass.swift; sourceTree = "<group>"; };
		084E2C7D1EC319D200B4FC49 /* FlickrFeedCollectionViewCell.swift */ = {isa = PBXFileReference; fileEncoding = 4; lastKnownFileType = sourcecode.swift; path = FlickrFeedCollectionViewCell.swift; sourceTree = "<group>"; };
		084E2C7F1EC31EA600B4FC49 /* Kingfisher.framework */ = {isa = PBXFileReference; lastKnownFileType = wrapper.framework; name = Kingfisher.framework; path = "../../../../../Library/Developer/Xcode/DerivedData/LoktraFlickerTask-hlfiunvevzirmnbpkvjcdrrbfvco/Build/Products/Debug-iphonesimulator/Kingfisher/Kingfisher.framework"; sourceTree = "<group>"; };
		45CB6A24B3BAC00FFFA91CEC /* Pods-LoktraFlickerTask.release.xcconfig */ = {isa = PBXFileReference; includeInIndex = 1; lastKnownFileType = text.xcconfig; name = "Pods-LoktraFlickerTask.release.xcconfig"; path = "Pods/Target Support Files/Pods-LoktraFlickerTask/Pods-LoktraFlickerTask.release.xcconfig"; sourceTree = "<group>"; };
		B862B28305B6B96C74EB2934 /* Pods-LoktraFlickerTask.debug.xcconfig */ = {isa = PBXFileReference; includeInIndex = 1; lastKnownFileType = text.xcconfig; name = "Pods-LoktraFlickerTask.debug.xcconfig"; path = "Pods/Target Support Files/Pods-LoktraFlickerTask/Pods-LoktraFlickerTask.debug.xcconfig"; sourceTree = "<group>"; };
		C265854990F71743D26E7DA0 /* Pods_LoktraFlickerTask.framework */ = {isa = PBXFileReference; explicitFileType = wrapper.framework; includeInIndex = 0; path = Pods_LoktraFlickerTask.framework; sourceTree = BUILT_PRODUCTS_DIR; };
/* End PBXFileReference section */

/* Begin PBXFrameworksBuildPhase section */
		081C173D1EC024CB00E95302 /* Frameworks */ = {
			isa = PBXFrameworksBuildPhase;
			buildActionMask = 2147483647;
			files = (
				084E2C801EC31EA600B4FC49 /* Kingfisher.framework in Frameworks */,
				081C175D1EC0B32000E95302 /* Alamofire.framework in Frameworks */,
				081C175E1EC0B32000E95302 /* SwiftyJSON.framework in Frameworks */,
				520AEA5F6D1BF385F7435BC2 /* Pods_LoktraFlickerTask.framework in Frameworks */,
			);
			runOnlyForDeploymentPostprocessing = 0;
		};
/* End PBXFrameworksBuildPhase section */

/* Begin PBXGroup section */
		081C17371EC024CB00E95302 = {
			isa = PBXGroup;
			children = (
				081C17421EC024CB00E95302 /* LoktraFlickerTask */,
				081C17411EC024CB00E95302 /* Products */,
				A0C67C17D973DF725520D57D /* Pods */,
				8FC06AAFAF52F12319FB4D71 /* Frameworks */,
			);
			sourceTree = "<group>";
		};
		081C17411EC024CB00E95302 /* Products */ = {
			isa = PBXGroup;
			children = (
				081C17401EC024CB00E95302 /* LoktraFlickerTask.app */,
			);
			name = Products;
			sourceTree = "<group>";
		};
		081C17421EC024CB00E95302 /* LoktraFlickerTask */ = {
			isa = PBXGroup;
			children = (
				084E2C811EC35DD500B4FC49 /* Model */,
				084E2C821EC35DE100B4FC49 /* View */,
				084E2C831EC35DED00B4FC49 /* Controller */,
				081C174A1EC024CB00E95302 /* Assets.xcassets */,
				081C174F1EC024CB00E95302 /* Info.plist */,
			);
			path = LoktraFlickerTask;
			sourceTree = "<group>";
		};
		084E2C811EC35DD500B4FC49 /* Model */ = {
			isa = PBXGroup;
			children = (
				081C17551EC0250600E95302 /* AllStructRelatedFile.swift */,
				081C17571EC027DD00E95302 /* MakeServerApiCallStructFile.swift */,
				081C17591EC0ADAE00E95302 /* ServerApiCallHandlingClass.swift */,
				081C175F1EC0B87200E95302 /* DataHandlingModelClass.swift */,
			);
			name = Model;
			sourceTree = "<group>";
		};
		084E2C821EC35DE100B4FC49 /* View */ = {
			isa = PBXGroup;
			children = (
				081C17471EC024CB00E95302 /* Main.storyboard */,
				081C174C1EC024CB00E95302 /* LaunchScreen.storyboard */,
			);
			name = View;
			sourceTree = "<group>";
		};
		084E2C831EC35DED00B4FC49 /* Controller */ = {
			isa = PBXGroup;
			children = (
				081C17451EC024CB00E95302 /* ViewController.swift */,
				084E2C7D1EC319D200B4FC49 /* FlickrFeedCollectionViewCell.swift */,
				084E2C841EC35E2800B4FC49 /* Appdelegate */,
			);
			name = Controller;
			sourceTree = "<group>";
		};
		084E2C841EC35E2800B4FC49 /* Appdelegate */ = {
			isa = PBXGroup;
			children = (
				081C17431EC024CB00E95302 /* AppDelegate.swift */,
			);
			name = Appdelegate;
			sourceTree = "<group>";
		};
		8FC06AAFAF52F12319FB4D71 /* Frameworks */ = {
			isa = PBXGroup;
			children = (
				084E2C7F1EC31EA600B4FC49 /* Kingfisher.framework */,
				081C175B1EC0B32000E95302 /* Alamofire.framework */,
				081C175C1EC0B32000E95302 /* SwiftyJSON.framework */,
				C265854990F71743D26E7DA0 /* Pods_LoktraFlickerTask.framework */,
			);
			name = Frameworks;
			sourceTree = "<group>";
		};
		A0C67C17D973DF725520D57D /* Pods */ = {
			isa = PBXGroup;
			children = (
				B862B28305B6B96C74EB2934 /* Pods-LoktraFlickerTask.debug.xcconfig */,
				45CB6A24B3BAC00FFFA91CEC /* Pods-LoktraFlickerTask.release.xcconfig */,
			);
			name = Pods;
			sourceTree = "<group>";
		};
/* End PBXGroup section */

/* Begin PBXNativeTarget section */
		081C173F1EC024CB00E95302 /* LoktraFlickerTask */ = {
			isa = PBXNativeTarget;
			buildConfigurationList = 081C17521EC024CB00E95302 /* Build configuration list for PBXNativeTarget "LoktraFlickerTask" */;
			buildPhases = (
				3706CD79C7299049EBFFDD75 /* [CP] Check Pods Manifest.lock */,
				081C173C1EC024CB00E95302 /* Sources */,
				081C173D1EC024CB00E95302 /* Frameworks */,
				081C173E1EC024CB00E95302 /* Resources */,
				83C223693BE09824F313FDDF /* [CP] Embed Pods Frameworks */,
				73D0B1BAE5FCB49FDF9B1BE1 /* [CP] Copy Pods Resources */,
			);
			buildRules = (
			);
			dependencies = (
			);
			name = LoktraFlickerTask;
			productName = LoktraFlickerTask;
			productReference = 081C17401EC024CB00E95302 /* LoktraFlickerTask.app */;
			productType = "com.apple.product-type.application";
		};
/* End PBXNativeTarget section */

/* Begin PBXProject section */
		081C17381EC024CB00E95302 /* Project object */ = {
			isa = PBXProject;
			attributes = {
				LastSwiftUpdateCheck = 0830;
				LastUpgradeCheck = 0830;
				ORGANIZATIONNAME = "Tuhin Samui";
				TargetAttributes = {
					081C173F1EC024CB00E95302 = {
						CreatedOnToolsVersion = 8.3.2;
						ProvisioningStyle = Automatic;
					};
				};
			};
			buildConfigurationList = 081C173B1EC024CB00E95302 /* Build configuration list for PBXProject "LoktraFlickerTask" */;
			compatibilityVersion = "Xcode 3.2";
			developmentRegion = English;
			hasScannedForEncodings = 0;
			knownRegions = (
				en,
				Base,
			);
			mainGroup = 081C17371EC024CB00E95302;
			productRefGroup = 081C17411EC024CB00E95302 /* Products */;
			projectDirPath = "";
			projectRoot = "";
			targets = (
				081C173F1EC024CB00E95302 /* LoktraFlickerTask */,
			);
		};
/* End PBXProject section */

/* Begin PBXResourcesBuildPhase section */
		081C173E1EC024CB00E95302 /* Resources */ = {
			isa = PBXResourcesBuildPhase;
			buildActionMask = 2147483647;
			files = (
				081C174E1EC024CB00E95302 /* LaunchScreen.storyboard in Resources */,
				081C174B1EC024CB00E95302 /* Assets.xcassets in Resources */,
				081C17491EC024CB00E95302 /* Main.storyboard in Resources */,
			);
			runOnlyForDeploymentPostprocessing = 0;
		};
/* End PBXResourcesBuildPhase section */

/* Begin PBXShellScriptBuildPhase section */
		3706CD79C7299049EBFFDD75 /* [CP] Check Pods Manifest.lock */ = {
			isa = PBXShellScriptBuildPhase;
			buildActionMask = 2147483647;
			files = (
			);
			inputPaths = (
			);
			name = "[CP] Check Pods Manifest.lock";
			outputPaths = (
			);
			runOnlyForDeploymentPostprocessing = 0;
			shellPath = /bin/sh;
			shellScript = "diff \"${PODS_PODFILE_DIR_PATH}/Podfile.lock\" \"${PODS_ROOT}/Manifest.lock\" > /dev/null\nif [ $? != 0 ] ; then\n    # print error to STDERR\n    echo \"error: The sandbox is not in sync with the Podfile.lock. Run 'pod install' or update your CocoaPods installation.\" >&2\n    exit 1\nfi\n";
			showEnvVarsInLog = 0;
		};
		73D0B1BAE5FCB49FDF9B1BE1 /* [CP] Copy Pods Resources */ = {
			isa = PBXShellScriptBuildPhase;
			buildActionMask = 2147483647;
			files = (
			);
			inputPaths = (
			);
			name = "[CP] Copy Pods Resources";
			outputPaths = (
			);
			runOnlyForDeploymentPostprocessing = 0;
			shellPath = /bin/sh;
			shellScript = "\"${SRCROOT}/Pods/Target Support Files/Pods-LoktraFlickerTask/Pods-LoktraFlickerTask-resources.sh\"\n";
			showEnvVarsInLog = 0;
		};
		83C223693BE09824F313FDDF /* [CP] Embed Pods Frameworks */ = {
			isa = PBXShellScriptBuildPhase;
			buildActionMask = 2147483647;
			files = (
			);
			inputPaths = (
			);
			name = "[CP] Embed Pods Frameworks";
			outputPaths = (
			);
			runOnlyForDeploymentPostprocessing = 0;
			shellPath = /bin/sh;
			shellScript = "\"${SRCROOT}/Pods/Target Support Files/Pods-LoktraFlickerTask/Pods-LoktraFlickerTask-frameworks.sh\"\n";
			showEnvVarsInLog = 0;
		};
/* End PBXShellScriptBuildPhase section */

/* Begin PBXSourcesBuildPhase section */
		081C173C1EC024CB00E95302 /* Sources */ = {
			isa = PBXSourcesBuildPhase;
			buildActionMask = 2147483647;
			files = (
				081C175A1EC0ADAE00E95302 /* ServerApiCallHandlingClass.swift in Sources */,
				081C17581EC027DD00E95302 /* MakeServerApiCallStructFile.swift in Sources */,
				081C17461EC024CB00E95302 /* ViewController.swift in Sources */,
				081C17561EC0250600E95302 /* AllStructRelatedFile.swift in Sources */,
				084E2C7E1EC319D200B4FC49 /* FlickrFeedCollectionViewCell.swift in Sources */,
				081C17441EC024CB00E95302 /* AppDelegate.swift in Sources */,
				081C17601EC0B87200E95302 /* DataHandlingModelClass.swift in Sources */,
			);
			runOnlyForDeploymentPostprocessing = 0;
		};
/* End PBXSourcesBuildPhase section */

/* Begin PBXVariantGroup section */
		081C17471EC024CB00E95302 /* Main.storyboard */ = {
			isa = PBXVariantGroup;
			children = (
				081C17481EC024CB00E95302 /* Base */,
			);
			name = Main.storyboard;
			sourceTree = "<group>";
		};
		081C174C1EC024CB00E95302 /* LaunchScreen.storyboard */ = {
			isa = PBXVariantGroup;
			children = (
				081C174D1EC024CB00E95302 /* Base */,
			);
			name = LaunchScreen.storyboard;
			sourceTree = "<group>";
		};
/* End PBXVariantGroup section */

/* Begin XCBuildConfiguration section */
		081C17501EC024CB00E95302 /* Debug */ = {
			isa = XCBuildConfiguration;
			buildSettings = {
				ALWAYS_SEARCH_USER_PATHS = NO;
				CLANG_ANALYZER_NONNULL = YES;
				CLANG_ANALYZER_NUMBER_OBJECT_CONVERSION = YES_AGGRESSIVE;
				CLANG_CXX_LANGUAGE_STANDARD = "gnu++0x";
				CLANG_CXX_LIBRARY = "libc++";
				CLANG_ENABLE_MODULES = YES;
				CLANG_ENABLE_OBJC_ARC = YES;
				CLANG_WARN_BOOL_CONVERSION = YES;
				CLANG_WARN_CONSTANT_CONVERSION = YES;
				CLANG_WARN_DIRECT_OBJC_ISA_USAGE = YES_ERROR;
				CLANG_WARN_DOCUMENTATION_COMMENTS = YES;
				CLANG_WARN_EMPTY_BODY = YES;
				CLANG_WARN_ENUM_CONVERSION = YES;
				CLANG_WARN_INFINITE_RECURSION = YES;
				CLANG_WARN_INT_CONVERSION = YES;
				CLANG_WARN_OBJC_ROOT_CLASS = YES_ERROR;
				CLANG_WARN_SUSPICIOUS_MOVE = YES;
				CLANG_WARN_UNREACHABLE_CODE = YES;
				CLANG_WARN__DUPLICATE_METHOD_MATCH = YES;
				"CODE_SIGN_IDENTITY[sdk=iphoneos*]" = "iPhone Developer";
				COPY_PHASE_STRIP = NO;
				DEBUG_INFORMATION_FORMAT = dwarf;
				ENABLE_STRICT_OBJC_MSGSEND = YES;
				ENABLE_TESTABILITY = YES;
				GCC_C_LANGUAGE_STANDARD = gnu99;
				GCC_DYNAMIC_NO_PIC = NO;
				GCC_NO_COMMON_BLOCKS = YES;
				GCC_OPTIMIZATION_LEVEL = 0;
				GCC_PREPROCESSOR_DEFINITIONS = (
					"DEBUG=1",
					"$(inherited)",
				);
				GCC_WARN_64_TO_32_BIT_CONVERSION = YES;
				GCC_WARN_ABOUT_RETURN_TYPE = YES_ERROR;
				GCC_WARN_UNDECLARED_SELECTOR = YES;
				GCC_WARN_UNINITIALIZED_AUTOS = YES_AGGRESSIVE;
				GCC_WARN_UNUSED_FUNCTION = YES;
				GCC_WARN_UNUSED_VARIABLE = YES;
				IPHONEOS_DEPLOYMENT_TARGET = 10.3;
				MTL_ENABLE_DEBUG_INFO = YES;
				ONLY_ACTIVE_ARCH = YES;
				SDKROOT = iphoneos;
				SWIFT_ACTIVE_COMPILATION_CONDITIONS = DEBUG;
				SWIFT_OPTIMIZATION_LEVEL = "-Onone";
			};
			name = Debug;
		};
		081C17511EC024CB00E95302 /* Release */ = {
			isa = XCBuildConfiguration;
			buildSettings = {
				ALWAYS_SEARCH_USER_PATHS = NO;
				CLANG_ANALYZER_NONNULL = YES;
				CLANG_ANALYZER_NUMBER_OBJECT_CONVERSION = YES_AGGRESSIVE;
				CLANG_CXX_LANGUAGE_STANDARD = "gnu++0x";
				CLANG_CXX_LIBRARY = "libc++";
				CLANG_ENABLE_MODULES = YES;
				CLANG_ENABLE_OBJC_ARC = YES;
				CLANG_WARN_BOOL_CONVERSION = YES;
				CLANG_WARN_CONSTANT_CONVERSION = YES;
				CLANG_WARN_DIRECT_OBJC_ISA_USAGE = YES_ERROR;
				CLANG_WARN_DOCUMENTATION_COMMENTS = YES;
				CLANG_WARN_EMPTY_BODY = YES;
				CLANG_WARN_ENUM_CONVERSION = YES;
				CLANG_WARN_INFINITE_RECURSION = YES;
				CLANG_WARN_INT_CONVERSION = YES;
				CLANG_WARN_OBJC_ROOT_CLASS = YES_ERROR;
				CLANG_WARN_SUSPICIOUS_MOVE = YES;
				CLANG_WARN_UNREACHABLE_CODE = YES;
				CLANG_WARN__DUPLICATE_METHOD_MATCH = YES;
				"CODE_SIGN_IDENTITY[sdk=iphoneos*]" = "iPhone Developer";
				COPY_PHASE_STRIP = NO;
				DEBUG_INFORMATION_FORMAT = "dwarf-with-dsym";
				ENABLE_NS_ASSERTIONS = NO;
				ENABLE_STRICT_OBJC_MSGSEND = YES;
				GCC_C_LANGUAGE_STANDARD = gnu99;
				GCC_NO_COMMON_BLOCKS = YES;
				GCC_WARN_64_TO_32_BIT_CONVERSION = YES;
				GCC_WARN_ABOUT_RETURN_TYPE = YES_ERROR;
				GCC_WARN_UNDECLARED_SELECTOR = YES;
				GCC_WARN_UNINITIALIZED_AUTOS = YES_AGGRESSIVE;
				GCC_WARN_UNUSED_FUNCTION = YES;
				GCC_WARN_UNUSED_VARIABLE = YES;
				IPHONEOS_DEPLOYMENT_TARGET = 10.3;
				MTL_ENABLE_DEBUG_INFO = NO;
				SDKROOT = iphoneos;
				SWIFT_OPTIMIZATION_LEVEL = "-Owholemodule";
				VALIDATE_PRODUCT = YES;
			};
			name = Release;
		};
		081C17531EC024CB00E95302 /* Debug */ = {
			isa = XCBuildConfiguration;
			baseConfigurationReference = B862B28305B6B96C74EB2934 /* Pods-LoktraFlickerTask.debug.xcconfig */;
			buildSettings = {
				ASSETCATALOG_COMPILER_APPICON_NAME = AppIcon;
				INFOPLIST_FILE = LoktraFlickerTask/Info.plist;
				LD_RUNPATH_SEARCH_PATHS = "$(inherited) @executable_path/Frameworks";
				PRODUCT_BUNDLE_IDENTIFIER = tuhin.samui.LoktraFlickerTask;
				PRODUCT_NAME = "$(TARGET_NAME)";
				SWIFT_VERSION = 3.0;
			};
			name = Debug;
		};
		081C17541EC024CB00E95302 /* Release */ = {
			isa = XCBuildConfiguration;
			baseConfigurationReference = 45CB6A24B3BAC00FFFA91CEC /* Pods-LoktraFlickerTask.release.xcconfig */;
			buildSettings = {
				ASSETCATALOG_COMPILER_APPICON_NAME = AppIcon;
				INFOPLIST_FILE = LoktraFlickerTask/Info.plist;
				LD_RUNPATH_SEARCH_PATHS = "$(inherited) @executable_path/Frameworks";
				PRODUCT_BUNDLE_IDENTIFIER = tuhin.samui.LoktraFlickerTask;
				PRODUCT_NAME = "$(TARGET_NAME)";
				SWIFT_VERSION = 3.0;
			};
			name = Release;
		};
/* End XCBuildConfiguration section */

/* Begin XCConfigurationList section */
		081C173B1EC024CB00E95302 /* Build configuration list for PBXProject "LoktraFlickerTask" */ = {
			isa = XCConfigurationList;
			buildConfigurations = (
				081C17501EC024CB00E95302 /* Debug */,
				081C17511EC024CB00E95302 /* Release */,
			);
			defaultConfigurationIsVisible = 0;
			defaultConfigurationName = Release;
		};
		081C17521EC024CB00E95302 /* Build configuration list for PBXNativeTarget "LoktraFlickerTask" */ = {
			isa = XCConfigurationList;
			buildConfigurations = (
				081C17531EC024CB00E95302 /* Debug */,
				081C17541EC024CB00E95302 /* Release */,
			);
			defaultConfigurationIsVisible = 0;
			defaultConfigurationName = Release;
		};
/* End XCConfigurationList section */
	};
	rootObject = 081C17381EC024CB00E95302 /* Project object */;
}
